{
  "originHash" : "960feb7448c71ba4f43ff1d60a9f56fd008a6eb497bab132debb25b9213d1779",
  "pins" : [
    {
      "identity" : "ausweisapp2-sdk-ios",
      "kind" : "remoteSourceControl",
      "location" : "https://github.com/Governikus/AusweisApp2-SDK-iOS",
      "state" : {
        "revision" : "c7d4d9a31ec6ee067e4b68cbfa9641ca6880e4e3",
        "version" : "2.2.2"
      }
    },
    {
      "identity" : "ausweisapp2wrapper-ios-spm",
      "kind" : "remoteSourceControl",
      "location" : "https://github.com/Governikus/AusweisApp2Wrapper-iOS-SPM",
      "state" : {
        "revision" : "96692d4cd9227d2212bfac29a748cc828af3a414",
        "version" : "2.2.2"
      }
    }
  ],
  "version" : 3
}
